// !$*UTF8*$!
{
	archiveVersion = 1;
	classes = {
	};
	objectVersion = 50;
	objects = {

/* Begin PBXBuildFile section */
		2EB0F88721E24D4F00FA7F14 /* AppDelegate.swift in Sources */ = {isa = PBXBuildFile; fileRef = 2EB0F88621E24D4E00FA7F14 /* AppDelegate.swift */; };
		2EB0F88921E24D4F00FA7F14 /* TodoListViewController.swift in Sources */ = {isa = PBXBuildFile; fileRef = 2EB0F88821E24D4F00FA7F14 /* TodoListViewController.swift */; };
		2EB0F88C21E24D4F00FA7F14 /* Main.storyboard in Resources */ = {isa = PBXBuildFile; fileRef = 2EB0F88A21E24D4F00FA7F14 /* Main.storyboard */; };
		2EB0F88E21E24D5200FA7F14 /* Assets.xcassets in Resources */ = {isa = PBXBuildFile; fileRef = 2EB0F88D21E24D5200FA7F14 /* Assets.xcassets */; };
		2EB0F89121E24D5200FA7F14 /* LaunchScreen.storyboard in Resources */ = {isa = PBXBuildFile; fileRef = 2EB0F88F21E24D5200FA7F14 /* LaunchScreen.storyboard */; };
		2EB0F8C121E6221400FA7F14 /* DataModel.xcdatamodeld in Sources */ = {isa = PBXBuildFile; fileRef = 2EB0F8BF21E6221400FA7F14 /* DataModel.xcdatamodeld */; };
		2EB0F8C321EA2BA900FA7F14 /* CategoryViewController.swift in Sources */ = {isa = PBXBuildFile; fileRef = 2EB0F8C221EA2BA900FA7F14 /* CategoryViewController.swift */; };
		9B8AE14068CF8D4D97E6CCCF /* Pods_Todoey_by_Ankur.framework in Frameworks */ = {isa = PBXBuildFile; fileRef = D89DD40D9AD220267D306722 /* Pods_Todoey_by_Ankur.framework */; };
/* End PBXBuildFile section */

/* Begin PBXFileReference section */
		0B487D65AE6DECD323AC2BB1 /* Pods-Todoey by Ankur.release.xcconfig */ = {isa = PBXFileReference; includeInIndex = 1; lastKnownFileType = text.xcconfig; name = "Pods-Todoey by Ankur.release.xcconfig"; path = "Pods/Target Support Files/Pods-Todoey by Ankur/Pods-Todoey by Ankur.release.xcconfig"; sourceTree = "<group>"; };
		2EB0F88321E24D4E00FA7F14 /* Todoey by Ankur.app */ = {isa = PBXFileReference; explicitFileType = wrapper.application; includeInIndex = 0; path = "Todoey by Ankur.app"; sourceTree = BUILT_PRODUCTS_DIR; };
		2EB0F88621E24D4E00FA7F14 /* AppDelegate.swift */ = {isa = PBXFileReference; lastKnownFileType = sourcecode.swift; path = AppDelegate.swift; sourceTree = "<group>"; };
		2EB0F88821E24D4F00FA7F14 /* TodoListViewController.swift */ = {isa = PBXFileReference; lastKnownFileType = sourcecode.swift; path = TodoListViewController.swift; sourceTree = "<group>"; };
		2EB0F88B21E24D4F00FA7F14 /* Base */ = {isa = PBXFileReference; lastKnownFileType = file.storyboard; name = Base; path = Base.lproj/Main.storyboard; sourceTree = "<group>"; };
		2EB0F88D21E24D5200FA7F14 /* Assets.xcassets */ = {isa = PBXFileReference; lastKnownFileType = folder.assetcatalog; path = Assets.xcassets; sourceTree = "<group>"; };
		2EB0F89021E24D5200FA7F14 /* Base */ = {isa = PBXFileReference; lastKnownFileType = file.storyboard; name = Base; path = Base.lproj/LaunchScreen.storyboard; sourceTree = "<group>"; };
		2EB0F89221E24D5200FA7F14 /* Info.plist */ = {isa = PBXFileReference; lastKnownFileType = text.plist.xml; path = Info.plist; sourceTree = "<group>"; };
		2EB0F8C021E6221400FA7F14 /* DataModel.xcdatamodel */ = {isa = PBXFileReference; lastKnownFileType = wrapper.xcdatamodel; path = DataModel.xcdatamodel; sourceTree = "<group>"; };
		2EB0F8C221EA2BA900FA7F14 /* CategoryViewController.swift */ = {isa = PBXFileReference; lastKnownFileType = sourcecode.swift; path = CategoryViewController.swift; sourceTree = "<group>"; };
		6619A157A4B283C5A6F32C30 /* Pods-Todoey by Ankur.debug.xcconfig */ = {isa = PBXFileReference; includeInIndex = 1; lastKnownFileType = text.xcconfig; name = "Pods-Todoey by Ankur.debug.xcconfig"; path = "Pods/Target Support Files/Pods-Todoey by Ankur/Pods-Todoey by Ankur.debug.xcconfig"; sourceTree = "<group>"; };
		D89DD40D9AD220267D306722 /* Pods_Todoey_by_Ankur.framework */ = {isa = PBXFileReference; explicitFileType = wrapper.framework; includeInIndex = 0; path = Pods_Todoey_by_Ankur.framework; sourceTree = BUILT_PRODUCTS_DIR; };
/* End PBXFileReference section */

/* Begin PBXFrameworksBuildPhase section */
		2EB0F88021E24D4E00FA7F14 /* Frameworks */ = {
			isa = PBXFrameworksBuildPhase;
			buildActionMask = 2147483647;
			files = (
				9B8AE14068CF8D4D97E6CCCF /* Pods_Todoey_by_Ankur.framework in Frameworks */,
			);
			runOnlyForDeploymentPostprocessing = 0;
		};
/* End PBXFrameworksBuildPhase section */

/* Begin PBXGroup section */
		2C448405C35D06DF9B95D5FD /* Frameworks */ = {
			isa = PBXGroup;
			children = (
				D89DD40D9AD220267D306722 /* Pods_Todoey_by_Ankur.framework */,
			);
			name = Frameworks;
			sourceTree = "<group>";
		};
		2EB0F87A21E24D4E00FA7F14 = {
			isa = PBXGroup;
			children = (
				2EB0F88521E24D4E00FA7F14 /* Todoey by Ankur */,
				2EB0F88421E24D4E00FA7F14 /* Products */,
				51C4A19A5A1AE6B67D0AB557 /* Pods */,
				2C448405C35D06DF9B95D5FD /* Frameworks */,
			);
			sourceTree = "<group>";
		};
		2EB0F88421E24D4E00FA7F14 /* Products */ = {
			isa = PBXGroup;
			children = (
				2EB0F88321E24D4E00FA7F14 /* Todoey by Ankur.app */,
			);
			name = Products;
			sourceTree = "<group>";
		};
		2EB0F88521E24D4E00FA7F14 /* Todoey by Ankur */ = {
			isa = PBXGroup;
			children = (
				2EB0F88621E24D4E00FA7F14 /* AppDelegate.swift */,
				2EB0F89B21E37ADD00FA7F14 /* Controllers */,
				2EB0F89A21E37AD400FA7F14 /* Data Model */,
				2EB0F89C21E37AE600FA7F14 /* Views */,
				2EB0F89D21E37AF700FA7F14 /* Supporting Files */,
				2EB0F89221E24D5200FA7F14 /* Info.plist */,
			);
			path = "Todoey by Ankur";
			sourceTree = "<group>";
		};
		2EB0F89A21E37AD400FA7F14 /* Data Model */ = {
			isa = PBXGroup;
			children = (
				2EB0F8BF21E6221400FA7F14 /* DataModel.xcdatamodeld */,
			);
			path = "Data Model";
			sourceTree = "<group>";
		};
		2EB0F89B21E37ADD00FA7F14 /* Controllers */ = {
			isa = PBXGroup;
			children = (
				2EB0F8C221EA2BA900FA7F14 /* CategoryViewController.swift */,
				2EB0F88821E24D4F00FA7F14 /* TodoListViewController.swift */,
			);
			path = Controllers;
			sourceTree = "<group>";
		};
		2EB0F89C21E37AE600FA7F14 /* Views */ = {
			isa = PBXGroup;
			children = (
				2EB0F88A21E24D4F00FA7F14 /* Main.storyboard */,
			);
			path = Views;
			sourceTree = "<group>";
		};
		2EB0F89D21E37AF700FA7F14 /* Supporting Files */ = {
			isa = PBXGroup;
			children = (
				2EB0F88D21E24D5200FA7F14 /* Assets.xcassets */,
				2EB0F88F21E24D5200FA7F14 /* LaunchScreen.storyboard */,
			);
			path = "Supporting Files";
			sourceTree = "<group>";
		};
		51C4A19A5A1AE6B67D0AB557 /* Pods */ = {
			isa = PBXGroup;
			children = (
				6619A157A4B283C5A6F32C30 /* Pods-Todoey by Ankur.debug.xcconfig */,
				0B487D65AE6DECD323AC2BB1 /* Pods-Todoey by Ankur.release.xcconfig */,
			);
			name = Pods;
			sourceTree = "<group>";
		};
/* End PBXGroup section */

/* Begin PBXNativeTarget section */
		2EB0F88221E24D4E00FA7F14 /* Todoey by Ankur */ = {
			isa = PBXNativeTarget;
			buildConfigurationList = 2EB0F89521E24D5200FA7F14 /* Build configuration list for PBXNativeTarget "Todoey by Ankur" */;
			buildPhases = (
				EB108674D1B16CCAF8219D4B /* [CP] Check Pods Manifest.lock */,
				2EB0F87F21E24D4E00FA7F14 /* Sources */,
				2EB0F88021E24D4E00FA7F14 /* Frameworks */,
				2EB0F88121E24D4E00FA7F14 /* Resources */,
				A86BB90B858DAFC098D0D4E0 /* [CP] Embed Pods Frameworks */,
			);
			buildRules = (
			);
			dependencies = (
			);
			name = "Todoey by Ankur";
			productName = "Todoey by Ankur";
			productReference = 2EB0F88321E24D4E00FA7F14 /* Todoey by Ankur.app */;
			productType = "com.apple.product-type.application";
		};
/* End PBXNativeTarget section */

/* Begin PBXProject section */
		2EB0F87B21E24D4E00FA7F14 /* Project object */ = {
			isa = PBXProject;
			attributes = {
				LastSwiftUpdateCheck = 1010;
				LastUpgradeCheck = 1010;
				ORGANIZATIONNAME = "Ankur Almadi";
				TargetAttributes = {
					2EB0F88221E24D4E00FA7F14 = {
						CreatedOnToolsVersion = 10.1;
					};
				};
			};
			buildConfigurationList = 2EB0F87E21E24D4E00FA7F14 /* Build configuration list for PBXProject "Todoey by Ankur" */;
			compatibilityVersion = "Xcode 9.3";
			developmentRegion = en;
			hasScannedForEncodings = 0;
			knownRegions = (
				en,
				Base,
			);
			mainGroup = 2EB0F87A21E24D4E00FA7F14;
			productRefGroup = 2EB0F88421E24D4E00FA7F14 /* Products */;
			projectDirPath = "";
			projectRoot = "";
			targets = (
				2EB0F88221E24D4E00FA7F14 /* Todoey by Ankur */,
			);
		};
/* End PBXProject section */

/* Begin PBXResourcesBuildPhase section */
		2EB0F88121E24D4E00FA7F14 /* Resources */ = {
			isa = PBXResourcesBuildPhase;
			buildActionMask = 2147483647;
			files = (
				2EB0F89121E24D5200FA7F14 /* LaunchScreen.storyboard in Resources */,
				2EB0F88E21E24D5200FA7F14 /* Assets.xcassets in Resources */,
				2EB0F88C21E24D4F00FA7F14 /* Main.storyboard in Resources */,
			);
			runOnlyForDeploymentPostprocessing = 0;
		};
/* End PBXResourcesBuildPhase section */

/* Begin PBXShellScriptBuildPhase section */
		A86BB90B858DAFC098D0D4E0 /* [CP] Embed Pods Frameworks */ = {
			isa = PBXShellScriptBuildPhase;
			buildActionMask = 2147483647;
			files = (
			);
			inputPaths = (
				"${SRCROOT}/Pods/Target Support Files/Pods-Todoey by Ankur/Pods-Todoey by Ankur-frameworks.sh",
				"${BUILT_PRODUCTS_DIR}/Realm/Realm.framework",
				"${BUILT_PRODUCTS_DIR}/RealmSwift/RealmSwift.framework",
			);
			name = "[CP] Embed Pods Frameworks";
			outputPaths = (
				"${TARGET_BUILD_DIR}/${FRAMEWORKS_FOLDER_PATH}/Realm.framework",
				"${TARGET_BUILD_DIR}/${FRAMEWORKS_FOLDER_PATH}/RealmSwift.framework",
			);
			runOnlyForDeploymentPostprocessing = 0;
			shellPath = /bin/sh;
			shellScript = "\"${SRCROOT}/Pods/Target Support Files/Pods-Todoey by Ankur/Pods-Todoey by Ankur-frameworks.sh\"\n";
			showEnvVarsInLog = 0;
		};
		EB108674D1B16CCAF8219D4B /* [CP] Check Pods Manifest.lock */ = {
			isa = PBXShellScriptBuildPhase;
			buildActionMask = 2147483647;
			files = (
			);
			inputPaths = (
				"${PODS_PODFILE_DIR_PATH}/Podfile.lock",
				"${PODS_ROOT}/Manifest.lock",
			);
			name = "[CP] Check Pods Manifest.lock";
			outputPaths = (
				"$(DERIVED_FILE_DIR)/Pods-Todoey by Ankur-checkManifestLockResult.txt",
			);
			runOnlyForDeploymentPostprocessing = 0;
			shellPath = /bin/sh;
			shellScript = "diff \"${PODS_PODFILE_DIR_PATH}/Podfile.lock\" \"${PODS_ROOT}/Manifest.lock\" > /dev/null\nif [ $? != 0 ] ; then\n    # print error to STDERR\n    echo \"error: The sandbox is not in sync with the Podfile.lock. Run 'pod install' or update your CocoaPods installation.\" >&2\n    exit 1\nfi\n# This output is used by Xcode 'outputs' to avoid re-running this script phase.\necho \"SUCCESS\" > \"${SCRIPT_OUTPUT_FILE_0}\"\n";
			showEnvVarsInLog = 0;
		};
/* End PBXShellScriptBuildPhase section */

/* Begin PBXSourcesBuildPhase section */
		2EB0F87F21E24D4E00FA7F14 /* Sources */ = {
			isa = PBXSourcesBuildPhase;
			buildActionMask = 2147483647;
			files = (
				2EB0F8C321EA2BA900FA7F14 /* CategoryViewController.swift in Sources */,
				2EB0F88921E24D4F00FA7F14 /* TodoListViewController.swift in Sources */,
				2EB0F8C121E6221400FA7F14 /* DataModel.xcdatamodeld in Sources */,
				2EB0F88721E24D4F00FA7F14 /* AppDelegate.swift in Sources */,
			);
			runOnlyForDeploymentPostprocessing = 0;
		};
/* End PBXSourcesBuildPhase section */

/* Begin PBXVariantGroup section */
		2EB0F88A21E24D4F00FA7F14 /* Main.storyboard */ = {
			isa = PBXVariantGroup;
			children = (
				2EB0F88B21E24D4F00FA7F14 /* Base */,
			);
			name = Main.storyboard;
			sourceTree = "<group>";
		};
		2EB0F88F21E24D5200FA7F14 /* LaunchScreen.storyboard */ = {
			isa = PBXVariantGroup;
			children = (
				2EB0F89021E24D5200FA7F14 /* Base */,
			);
			name = LaunchScreen.storyboard;
			sourceTree = "<group>";
		};
/* End PBXVariantGroup section */

/* Begin XCBuildConfiguration section */
		2EB0F89321E24D5200FA7F14 /* Debug */ = {
			isa = XCBuildConfiguration;
			buildSettings = {
				ALWAYS_SEARCH_USER_PATHS = NO;
				CLANG_ANALYZER_NONNULL = YES;
				CLANG_ANALYZER_NUMBER_OBJECT_CONVERSION = YES_AGGRESSIVE;
				CLANG_CXX_LANGUAGE_STANDARD = "gnu++14";
				CLANG_CXX_LIBRARY = "libc++";
				CLANG_ENABLE_MODULES = YES;
				CLANG_ENABLE_OBJC_ARC = YES;
				CLANG_ENABLE_OBJC_WEAK = YES;
				CLANG_WARN_BLOCK_CAPTURE_AUTORELEASING = YES;
				CLANG_WARN_BOOL_CONVERSION = YES;
				CLANG_WARN_COMMA = YES;
				CLANG_WARN_CONSTANT_CONVERSION = YES;
				CLANG_WARN_DEPRECATED_OBJC_IMPLEMENTATIONS = YES;
				CLANG_WARN_DIRECT_OBJC_ISA_USAGE = YES_ERROR;
				CLANG_WARN_DOCUMENTATION_COMMENTS = YES;
				CLANG_WARN_EMPTY_BODY = YES;
				CLANG_WARN_ENUM_CONVERSION = YES;
				CLANG_WARN_INFINITE_RECURSION = YES;
				CLANG_WARN_INT_CONVERSION = YES;
				CLANG_WARN_NON_LITERAL_NULL_CONVERSION = YES;
				CLANG_WARN_OBJC_IMPLICIT_RETAIN_SELF = YES;
				CLANG_WARN_OBJC_LITERAL_CONVERSION = YES;
				CLANG_WARN_OBJC_ROOT_CLASS = YES_ERROR;
				CLANG_WARN_RANGE_LOOP_ANALYSIS = YES;
				CLANG_WARN_STRICT_PROTOTYPES = YES;
				CLANG_WARN_SUSPICIOUS_MOVE = YES;
				CLANG_WARN_UNGUARDED_AVAILABILITY = YES_AGGRESSIVE;
				CLANG_WARN_UNREACHABLE_CODE = YES;
				CLANG_WARN__DUPLICATE_METHOD_MATCH = YES;
				CODE_SIGN_IDENTITY = "iPhone Developer";
				COPY_PHASE_STRIP = NO;
				DEBUG_INFORMATION_FORMAT = dwarf;
				ENABLE_STRICT_OBJC_MSGSEND = YES;
				ENABLE_TESTABILITY = YES;
				GCC_C_LANGUAGE_STANDARD = gnu11;
				GCC_DYNAMIC_NO_PIC = NO;
				GCC_NO_COMMON_BLOCKS = YES;
				GCC_OPTIMIZATION_LEVEL = 0;
				GCC_PREPROCESSOR_DEFINITIONS = (
					"DEBUG=1",
					"$(inherited)",
				);
				GCC_WARN_64_TO_32_BIT_CONVERSION = YES;
				GCC_WARN_ABOUT_RETURN_TYPE = YES_ERROR;
				GCC_WARN_UNDECLARED_SELECTOR = YES;
				GCC_WARN_UNINITIALIZED_AUTOS = YES_AGGRESSIVE;
				GCC_WARN_UNUSED_FUNCTION = YES;
				GCC_WARN_UNUSED_VARIABLE = YES;
				IPHONEOS_DEPLOYMENT_TARGET = 12.1;
				MTL_ENABLE_DEBUG_INFO = INCLUDE_SOURCE;
				MTL_FAST_MATH = YES;
				ONLY_ACTIVE_ARCH = YES;
				SDKROOT = iphoneos;
				SWIFT_ACTIVE_COMPILATION_CONDITIONS = DEBUG;
				SWIFT_OPTIMIZATION_LEVEL = "-Onone";
			};
			name = Debug;
		};
		2EB0F89421E24D5200FA7F14 /* Release */ = {
			isa = XCBuildConfiguration;
			buildSettings = {
				ALWAYS_SEARCH_USER_PATHS = NO;
				CLANG_ANALYZER_NONNULL = YES;
				CLANG_ANALYZER_NUMBER_OBJECT_CONVERSION = YES_AGGRESSIVE;
				CLANG_CXX_LANGUAGE_STANDARD = "gnu++14";
				CLANG_CXX_LIBRARY = "libc++";
				CLANG_ENABLE_MODULES = YES;
				CLANG_ENABLE_OBJC_ARC = YES;
				CLANG_ENABLE_OBJC_WEAK = YES;
				CLANG_WARN_BLOCK_CAPTURE_AUTORELEASING = YES;
				CLANG_WARN_BOOL_CONVERSION = YES;
				CLANG_WARN_COMMA = YES;
				CLANG_WARN_CONSTANT_CONVERSION = YES;
				CLANG_WARN_DEPRECATED_OBJC_IMPLEMENTATIONS = YES;
				CLANG_WARN_DIRECT_OBJC_ISA_USAGE = YES_ERROR;
				CLANG_WARN_DOCUMENTATION_COMMENTS = YES;
				CLANG_WARN_EMPTY_BODY = YES;
				CLANG_WARN_ENUM_CONVERSION = YES;
				CLANG_WARN_INFINITE_RECURSION = YES;
				CLANG_WARN_INT_CONVERSION = YES;
				CLANG_WARN_NON_LITERAL_NULL_CONVERSION = YES;
				CLANG_WARN_OBJC_IMPLICIT_RETAIN_SELF = YES;
				CLANG_WARN_OBJC_LITERAL_CONVERSION = YES;
				CLANG_WARN_OBJC_ROOT_CLASS = YES_ERROR;
				CLANG_WARN_RANGE_LOOP_ANALYSIS = YES;
				CLANG_WARN_STRICT_PROTOTYPES = YES;
				CLANG_WARN_SUSPICIOUS_MOVE = YES;
				CLANG_WARN_UNGUARDED_AVAILABILITY = YES_AGGRESSIVE;
				CLANG_WARN_UNREACHABLE_CODE = YES;
				CLANG_WARN__DUPLICATE_METHOD_MATCH = YES;
				CODE_SIGN_IDENTITY = "iPhone Developer";
				COPY_PHASE_STRIP = NO;
				DEBUG_INFORMATION_FORMAT = "dwarf-with-dsym";
				ENABLE_NS_ASSERTIONS = NO;
				ENABLE_STRICT_OBJC_MSGSEND = YES;
				GCC_C_LANGUAGE_STANDARD = gnu11;
				GCC_NO_COMMON_BLOCKS = YES;
				GCC_WARN_64_TO_32_BIT_CONVERSION = YES;
				GCC_WARN_ABOUT_RETURN_TYPE = YES_ERROR;
				GCC_WARN_UNDECLARED_SELECTOR = YES;
				GCC_WARN_UNINITIALIZED_AUTOS = YES_AGGRESSIVE;
				GCC_WARN_UNUSED_FUNCTION = YES;
				GCC_WARN_UNUSED_VARIABLE = YES;
				IPHONEOS_DEPLOYMENT_TARGET = 12.1;
				MTL_ENABLE_DEBUG_INFO = NO;
				MTL_FAST_MATH = YES;
				SDKROOT = iphoneos;
				SWIFT_COMPILATION_MODE = wholemodule;
				SWIFT_OPTIMIZATION_LEVEL = "-O";
				VALIDATE_PRODUCT = YES;
			};
			name = Release;
		};
		2EB0F89621E24D5200FA7F14 /* Debug */ = {
			isa = XCBuildConfiguration;
			baseConfigurationReference = 6619A157A4B283C5A6F32C30 /* Pods-Todoey by Ankur.debug.xcconfig */;
			buildSettings = {
				ASSETCATALOG_COMPILER_APPICON_NAME = AppIcon;
				CODE_SIGN_STYLE = Automatic;
				DEVELOPMENT_TEAM = VAD9SLW33F;
				INFOPLIST_FILE = "Todoey by Ankur/Info.plist";
				LD_RUNPATH_SEARCH_PATHS = (
					"$(inherited)",
					"@executable_path/Frameworks",
				);
				PRODUCT_BUNDLE_IDENTIFIER = "com.ankuralmadi.Todoey-by-Ankur";
				PRODUCT_NAME = "$(TARGET_NAME)";
				SWIFT_VERSION = 4.2;
				TARGETED_DEVICE_FAMILY = "1,2";
			};
			name = Debug;
		};
		2EB0F89721E24D5200FA7F14 /* Release */ = {
			isa = XCBuildConfiguration;
			baseConfigurationReference = 0B487D65AE6DECD323AC2BB1 /* Pods-Todoey by Ankur.release.xcconfig */;
			buildSettings = {
				ASSETCATALOG_COMPILER_APPICON_NAME = AppIcon;
				CODE_SIGN_STYLE = Automatic;
				DEVELOPMENT_TEAM = VAD9SLW33F;
				INFOPLIST_FILE = "Todoey by Ankur/Info.plist";
				LD_RUNPATH_SEARCH_PATHS = (
					"$(inherited)",
					"@executable_path/Frameworks",
				);
				PRODUCT_BUNDLE_IDENTIFIER = "com.ankuralmadi.Todoey-by-Ankur";
				PRODUCT_NAME = "$(TARGET_NAME)";
				SWIFT_VERSION = 4.2;
				TARGETED_DEVICE_FAMILY = "1,2";
			};
			name = Release;
		};
/* End XCBuildConfiguration section */

/* Begin XCConfigurationList section */
		2EB0F87E21E24D4E00FA7F14 /* Build configuration list for PBXProject "Todoey by Ankur" */ = {
			isa = XCConfigurationList;
			buildConfigurations = (
				2EB0F89321E24D5200FA7F14 /* Debug */,
				2EB0F89421E24D5200FA7F14 /* Release */,
			);
			defaultConfigurationIsVisible = 0;
			defaultConfigurationName = Release;
		};
		2EB0F89521E24D5200FA7F14 /* Build configuration list for PBXNativeTarget "Todoey by Ankur" */ = {
			isa = XCConfigurationList;
			buildConfigurations = (
				2EB0F89621E24D5200FA7F14 /* Debug */,
				2EB0F89721E24D5200FA7F14 /* Release */,
			);
			defaultConfigurationIsVisible = 0;
			defaultConfigurationName = Release;
		};
/* End XCConfigurationList section */

/* Begin XCVersionGroup section */
		2EB0F8BF21E6221400FA7F14 /* DataModel.xcdatamodeld */ = {
			isa = XCVersionGroup;
			children = (
				2EB0F8C021E6221400FA7F14 /* DataModel.xcdatamodel */,
			);
			currentVersion = 2EB0F8C021E6221400FA7F14 /* DataModel.xcdatamodel */;
			path = DataModel.xcdatamodeld;
			sourceTree = "<group>";
			versionGroupType = wrapper.xcdatamodel;
		};
/* End XCVersionGroup section */
	};
	rootObject = 2EB0F87B21E24D4E00FA7F14 /* Project object */;
}
